
Microsoft Visual Studio Solution File, Format Version 12.00
Project("{FAE04EC0-301F-11D3-BF4B-00C04F79EFBC}") = "BorisBot", "BorisBot\BorisBot.csproj", "{B04D819C-DE7E-4635-9833-F4544EDBD191}"
EndProject
Global
	GlobalSection(SolutionConfigurationPlatforms) = preSolution
		Debug|Any CPU = Debug|Any CPU
		Release|Any CPU = Release|Any CPU
	EndGlobalSection
	GlobalSection(ProjectConfigurationPlatforms) = postSolution
		{B04D819C-DE7E-4635-9833-F4544EDBD191}.Debug|Any CPU.ActiveCfg = Debug|Any CPU
		{B04D819C-DE7E-4635-9833-F4544EDBD191}.Debug|Any CPU.Build.0 = Debug|Any CPU
		{B04D819C-DE7E-4635-9833-F4544EDBD191}.Release|Any CPU.ActiveCfg = Release|Any CPU
		{B04D819C-DE7E-4635-9833-F4544EDBD191}.Release|Any CPU.Build.0 = Release|Any CPU
	EndGlobalSection
EndGlobal
